# THIS IS AN AUTOGENERATED FILE. DO NOT EDIT THIS FILE DIRECTLY.
# yarn lockfile v1


"@next/env@12.1.0":
  "integrity" "sha512-nrIgY6t17FQ9xxwH3jj0a6EOiQ/WDHUos35Hghtr+SWN/ntHIQ7UpuvSi0vaLzZVHQWaDupKI+liO5vANcDeTQ=="
  "resolved" "https://registry.npmjs.org/@next/env/-/env-12.1.0.tgz"
  "version" "12.1.0"

"@next/swc-linux-x64-gnu@12.1.0":
  "integrity" "sha512-OKO4R/digvrVuweSw/uBM4nSdyzsBV5EwkUeeG4KVpkIZEe64ZwRpnFB65bC6hGwxIBnTv5NMSnJ+0K/WmG78A=="
  "resolved" "https://registry.npmjs.org/@next/swc-linux-x64-gnu/-/swc-linux-x64-gnu-12.1.0.tgz"
  "version" "12.1.0"

"@next/swc-linux-x64-musl@12.1.0":
  "integrity" "sha512-JohhgAHZvOD3rQY7tlp7NlmvtvYHBYgY0x5ZCecUT6eCCcl9lv6iV3nfu82ErkxNk1H893fqH0FUpznZ/H3pSw=="
  "resolved" "https://registry.npmjs.org/@next/swc-linux-x64-musl/-/swc-linux-x64-musl-12.1.0.tgz"
  "version" "12.1.0"

"@types/node@^14.0.14":
  "integrity" "sha512-q4jlIR71hUpWTnGhXWcakgkZeHa3CCjcQcnuzU8M891BAWA2jHiziiWEPEkdS5pFsz7H9HJiy8BrK7tBRNrY7A=="
  "resolved" "https://registry.npmjs.org/@types/node/-/node-14.18.12.tgz"
  "version" "14.18.12"

"balanced-match@^1.0.0":
  "integrity" "sha512-3oSeUO0TMV67hN1AmbXsK4yaqU7tjiHlbxRDZOpH0KW9+CeX4bRAaX0Anxt0tx2MrpRpWwQaPwIlISEJhYU5Pw=="
  "resolved" "https://registry.npmjs.org/balanced-match/-/balanced-match-1.0.2.tgz"
  "version" "1.0.2"

"body-parser@^1.19.0":
  "integrity" "sha512-SAAwOxgoCKMGs9uUAUFHygfLAyaniaoun6I8mFY9pRAJL9+Kec34aU+oIjDhTycub1jozEfEwx1W1IuOYxVSFw=="
  "resolved" "https://registry.npmjs.org/body-parser/-/body-parser-1.19.2.tgz"
  "version" "1.19.2"
  dependencies:
    "bytes" "3.1.2"
    "content-type" "~1.0.4"
    "debug" "2.6.9"
    "depd" "~1.1.2"
    "http-errors" "1.8.1"
    "iconv-lite" "0.4.24"
    "on-finished" "~2.3.0"
    "qs" "6.9.7"
    "raw-body" "2.4.3"
    "type-is" "~1.6.18"

"brace-expansion@^1.1.7":
  "integrity" "sha512-iCuPHDFgrHX7H2vEI/5xpz07zSHB00TpugqhmYtVmMO6518mCuRMoOYFldEBl0g187ufozdaHgWKcYFb61qGiA=="
  "resolved" "https://registry.npmjs.org/brace-expansion/-/brace-expansion-1.1.11.tgz"
  "version" "1.1.11"
  dependencies:
    "balanced-match" "^1.0.0"
    "concat-map" "0.0.1"

"bytes@3.1.2":
  "integrity" "sha512-/Nf7TyzTx6S3yRJObOAV7956r8cr2+Oj8AC5dt8wSP3BQAoeX58NoHyCU8P8zGkNXStjTSi6fzO6F0pBdcYbEg=="
  "resolved" "https://registry.npmjs.org/bytes/-/bytes-3.1.2.tgz"
  "version" "3.1.2"

"caniuse-lite@^1.0.30001283":
  "integrity" "sha512-rI1UN0koZUiKINjysQDuRi2VeSCce3bYJNmDcj3PIKREiAmjakugBul1QSkg/fPrlULYl6oWfGg3PbgOSY9X4Q=="
  "resolved" "https://registry.npmjs.org/caniuse-lite/-/caniuse-lite-1.0.30001313.tgz"
  "version" "1.0.30001313"

"concat-map@0.0.1":
  "integrity" "sha1-2Klr13/Wjfd5OnMDajug1UBdR3s="
  "resolved" "https://registry.npmjs.org/concat-map/-/concat-map-0.0.1.tgz"
  "version" "0.0.1"

"content-type@~1.0.4":
  "integrity" "sha512-hIP3EEPs8tB9AT1L+NUqtwOAps4mk2Zob89MWXMHjHWg9milF/j4osnnQLXBCBFBk/tvIG/tUc9mOUJiPBhPXA=="
  "resolved" "https://registry.npmjs.org/content-type/-/content-type-1.0.4.tgz"
  "version" "1.0.4"

"debug@2.6.9":
  "integrity" "sha512-bC7ElrdJaJnPbAP+1EotYvqZsb3ecl5wi6Bfi6BJTUcNowp6cvspg0jXznRTKDjm/E7AdgFBVeAPVMNcKGsHMA=="
  "resolved" "https://registry.npmjs.org/debug/-/debug-2.6.9.tgz"
  "version" "2.6.9"
  dependencies:
    "ms" "2.0.0"

"depd@~1.1.2":
  "integrity" "sha1-m81S4UwJd2PnSbJ0xDRu0uVgtak="
  "resolved" "https://registry.npmjs.org/depd/-/depd-1.1.2.tgz"
  "version" "1.1.2"

"dotenv-expand@^4.2.0":
  "integrity" "sha1-3vHxyl1gWdJKdm5YeULCEQbOEnU="
  "resolved" "https://registry.npmjs.org/dotenv-expand/-/dotenv-expand-4.2.0.tgz"
  "version" "4.2.0"

"dotenv-load@^2.0.0":
  "integrity" "sha512-A6XbeIi3LZcNgH1MxBvAw1ZamYr9GosuDHiqqlMsOVeJnRUNY/8gDJ1NvQiSkVZwiscSyBNKsXXmP3xGezweVA=="
  "resolved" "https://registry.npmjs.org/dotenv-load/-/dotenv-load-2.0.0.tgz"
  "version" "2.0.0"
  dependencies:
    "dotenv" "^5.0.0"
    "dotenv-expand" "^4.2.0"
    "shelljs" "^0.8.1"

"dotenv@^5.0.0":
  "integrity" "sha512-4As8uPrjfwb7VXC+WnLCbXK7y+Ueb2B3zgNCePYfhxS1PYeaO1YTeplffTEcbfLhvFNGLAz90VvJs9yomG7bow=="
  "resolved" "https://registry.npmjs.org/dotenv/-/dotenv-5.0.1.tgz"
  "version" "5.0.1"

"ee-first@1.1.1":
  "integrity" "sha1-WQxhFWsK4vTwJVcyoViyZrxWsh0="
  "resolved" "https://registry.npmjs.org/ee-first/-/ee-first-1.1.1.tgz"
  "version" "1.1.1"

"fs.realpath@^1.0.0":
  "integrity" "sha1-FQStJSMVjKpA20onh8sBQRmU6k8="
  "resolved" "https://registry.npmjs.org/fs.realpath/-/fs.realpath-1.0.0.tgz"
  "version" "1.0.0"

"function-bind@^1.1.1":
  "integrity" "sha512-yIovAzMX49sF8Yl58fSCWJ5svSLuaibPxXQJFLmBObTuCr0Mf1KiPopGM9NiFjiYBCbfaa2Fh6breQ6ANVTI0A=="
  "resolved" "https://registry.npmjs.org/function-bind/-/function-bind-1.1.1.tgz"
  "version" "1.1.1"

"glob@^7.0.0":
  "integrity" "sha512-lmLf6gtyrPq8tTjSmrO94wBeQbFR3HbLHbuyD69wuyQkImp2hWqMGB47OX65FBkPffO641IP9jWa1z4ivqG26Q=="
  "resolved" "https://registry.npmjs.org/glob/-/glob-7.2.0.tgz"
  "version" "7.2.0"
  dependencies:
    "fs.realpath" "^1.0.0"
    "inflight" "^1.0.4"
    "inherits" "2"
    "minimatch" "^3.0.4"
    "once" "^1.3.0"
    "path-is-absolute" "^1.0.0"

"has@^1.0.3":
  "integrity" "sha512-f2dvO0VU6Oej7RkWJGrehjbzMAjFp5/VKPp5tTpWIV4JHHZK1/BxbFRtf/siA2SWTe09caDmVtYYzWEIbBS4zw=="
  "resolved" "https://registry.npmjs.org/has/-/has-1.0.3.tgz"
  "version" "1.0.3"
  dependencies:
    "function-bind" "^1.1.1"

"http-errors@1.8.1":
  "integrity" "sha512-Kpk9Sm7NmI+RHhnj6OIWDI1d6fIoFAtFt9RLaTMRlg/8w49juAStsrBgp0Dp4OdxdVbRIeKhtCUvoi/RuAhO4g=="
  "resolved" "https://registry.npmjs.org/http-errors/-/http-errors-1.8.1.tgz"
  "version" "1.8.1"
  dependencies:
    "depd" "~1.1.2"
    "inherits" "2.0.4"
    "setprototypeof" "1.2.0"
    "statuses" ">= 1.5.0 < 2"
    "toidentifier" "1.0.1"

"iconv-lite@0.4.24":
  "integrity" "sha512-v3MXnZAcvnywkTUEZomIActle7RXXeedOR31wwl7VlyoXO4Qi9arvSenNQWne1TcRwhCL1HwLI21bEqdpj8/rA=="
  "resolved" "https://registry.npmjs.org/iconv-lite/-/iconv-lite-0.4.24.tgz"
  "version" "0.4.24"
  dependencies:
    "safer-buffer" ">= 2.1.2 < 3"

"inflight@^1.0.4":
  "integrity" "sha1-Sb1jMdfQLQwJvJEKEHW6gWW1bfk="
  "resolved" "https://registry.npmjs.org/inflight/-/inflight-1.0.6.tgz"
  "version" "1.0.6"
  dependencies:
    "once" "^1.3.0"
    "wrappy" "1"

"inherits@2", "inherits@2.0.4":
  "integrity" "sha512-k/vGaX4/Yla3WzyMCvTQOXYeIHvqOKtnqBduzTHpzpQZzAskKMhZ2K+EnBiSM9zGSoIFeMpXKxa4dYeZIQqewQ=="
  "resolved" "https://registry.npmjs.org/inherits/-/inherits-2.0.4.tgz"
  "version" "2.0.4"

"interpret@^1.0.0":
  "integrity" "sha512-agE4QfB2Lkp9uICn7BAqoscw4SZP9kTE2hxiFI3jBPmXJfdqiahTbUuKGsMoN2GtqL9AxhYioAcVvgsb1HvRbA=="
  "resolved" "https://registry.npmjs.org/interpret/-/interpret-1.4.0.tgz"
  "version" "1.4.0"

"is-core-module@^2.8.1":
  "integrity" "sha512-SdNCUs284hr40hFTFP6l0IfZ/RSrMXF3qgoRHd3/79unUTvrFO/JoXwkGm+5J/Oe3E/b5GsnG330uUNgRpu1PA=="
  "resolved" "https://registry.npmjs.org/is-core-module/-/is-core-module-2.8.1.tgz"
  "version" "2.8.1"
  dependencies:
    "has" "^1.0.3"

"js-tokens@^3.0.0 || ^4.0.0":
  "integrity" "sha512-RdJUflcE3cUzKiMqQgsCu06FPu9UdIJO0beYbPhHN4k6apgJtifcoCtT9bcxOpYBtpD2kCM6Sbzg4CausW/PKQ=="
  "resolved" "https://registry.npmjs.org/js-tokens/-/js-tokens-4.0.0.tgz"
  "version" "4.0.0"

"loose-envify@^1.1.0":
  "integrity" "sha512-lyuxPGr/Wfhrlem2CL/UcnUc1zcqKAImBDzukY7Y5F/yQiNdko6+fRLevlw1HgMySw7f611UIY408EtxRSoK3Q=="
  "resolved" "https://registry.npmjs.org/loose-envify/-/loose-envify-1.4.0.tgz"
  "version" "1.4.0"
  dependencies:
    "js-tokens" "^3.0.0 || ^4.0.0"

"media-typer@0.3.0":
  "integrity" "sha1-hxDXrwqmJvj/+hzgAWhUUmMlV0g="
  "resolved" "https://registry.npmjs.org/media-typer/-/media-typer-0.3.0.tgz"
  "version" "0.3.0"

"mime-db@1.51.0":
  "integrity" "sha512-5y8A56jg7XVQx2mbv1lu49NR4dokRnhZYTtL+KGfaa27uq4pSTXkwQkFJl4pkRMyNFz/EtYDSkiiEHx3F7UN6g=="
  "resolved" "https://registry.npmjs.org/mime-db/-/mime-db-1.51.0.tgz"
  "version" "1.51.0"

"mime-types@~2.1.24":
  "integrity" "sha512-6cP692WwGIs9XXdOO4++N+7qjqv0rqxxVvJ3VHPh/Sc9mVZcQP+ZGhkKiTvWMQRr2tbHkJP/Yn7Y0npb3ZBs4A=="
  "resolved" "https://registry.npmjs.org/mime-types/-/mime-types-2.1.34.tgz"
  "version" "2.1.34"
  dependencies:
    "mime-db" "1.51.0"

"minimatch@^3.0.4":
  "integrity" "sha512-J7p63hRiAjw1NDEww1W7i37+ByIrOWO5XQQAzZ3VOcL0PNybwpfmV/N05zFAzwQ9USyEcX6t3UO+K5aqBQOIHw=="
  "resolved" "https://registry.npmjs.org/minimatch/-/minimatch-3.1.2.tgz"
  "version" "3.1.2"
  dependencies:
    "brace-expansion" "^1.1.7"

"ms@2.0.0":
  "integrity" "sha1-VgiurfwAvmwpAd9fmGF4jeDVl8g="
  "resolved" "https://registry.npmjs.org/ms/-/ms-2.0.0.tgz"
  "version" "2.0.0"

"nanoid@^3.1.30":
  "integrity" "sha512-n6Vs/3KGyxPQd6uO0eH4Bv0ojGSUvuLlIHtC3Y0kEO23YRge8H9x1GCzLn28YX0H66pMkxuaeESFq4tKISKwdw=="
  "resolved" "https://registry.npmjs.org/nanoid/-/nanoid-3.3.1.tgz"
  "version" "3.3.1"

"next-connect@^0.8.1":
  "integrity" "sha512-V5O45OV6+neCb/iXfPUpfcFirSJ4czr02+Xay7TyW/8Ybq9KzDLPWpU36lkvPbwNhpdxRXAi/j907c8MIURMww=="
  "resolved" "https://registry.npmjs.org/next-connect/-/next-connect-0.8.1.tgz"
  "version" "0.8.1"
  dependencies:
    "@types/node" "^14.0.14"
    "trouter" "^3.1.0"

"next-env@^1.1.1":
  "integrity" "sha512-uZo/u0GhmkUaSg4Dcx39QsEGRFw2eianNsdzdm/9Bd4bTAfzDH/D6y0WyB34sESZ5hXPctHg3t3Q3U99QAMc1w=="
  "resolved" "https://registry.npmjs.org/next-env/-/next-env-1.1.1.tgz"
  "version" "1.1.1"

"next@^12.1.0", "next@>= 5.1.0":
  "integrity" "sha512-s885kWvnIlxsUFHq9UGyIyLiuD0G3BUC/xrH0CEnH5lHEWkwQcHOORgbDF0hbrW9vr/7am4ETfX4A7M6DjrE7Q=="
  "resolved" "https://registry.npmjs.org/next/-/next-12.1.0.tgz"
  "version" "12.1.0"
  dependencies:
    "@next/env" "12.1.0"
    "caniuse-lite" "^1.0.30001283"
    "postcss" "8.4.5"
    "styled-jsx" "5.0.0"
    "use-subscription" "1.5.1"
  optionalDependencies:
    "@next/swc-android-arm64" "12.1.0"
    "@next/swc-darwin-arm64" "12.1.0"
    "@next/swc-darwin-x64" "12.1.0"
    "@next/swc-linux-arm-gnueabihf" "12.1.0"
    "@next/swc-linux-arm64-gnu" "12.1.0"
    "@next/swc-linux-arm64-musl" "12.1.0"
    "@next/swc-linux-x64-gnu" "12.1.0"
    "@next/swc-linux-x64-musl" "12.1.0"
    "@next/swc-win32-arm64-msvc" "12.1.0"
    "@next/swc-win32-ia32-msvc" "12.1.0"
    "@next/swc-win32-x64-msvc" "12.1.0"

"object-assign@^4.1.1":
  "integrity" "sha1-IQmtx5ZYh8/AXLvUQsrIv7s2CGM="
  "resolved" "https://registry.npmjs.org/object-assign/-/object-assign-4.1.1.tgz"
  "version" "4.1.1"

"on-finished@~2.3.0":
  "integrity" "sha1-IPEzZIGwg811M3mSoWlxqi2QaUc="
  "resolved" "https://registry.npmjs.org/on-finished/-/on-finished-2.3.0.tgz"
  "version" "2.3.0"
  dependencies:
    "ee-first" "1.1.1"

"once@^1.3.0":
  "integrity" "sha1-WDsap3WWHUsROsF9nFC6753Xa9E="
  "resolved" "https://registry.npmjs.org/once/-/once-1.4.0.tgz"
  "version" "1.4.0"
  dependencies:
    "wrappy" "1"

"path-is-absolute@^1.0.0":
  "integrity" "sha1-F0uSaHNVNP+8es5r9TpanhtcX18="
  "resolved" "https://registry.npmjs.org/path-is-absolute/-/path-is-absolute-1.0.1.tgz"
  "version" "1.0.1"

"path-parse@^1.0.7":
  "integrity" "sha512-LDJzPVEEEPR+y48z93A0Ed0yXb8pAByGWo/k5YYdYgpY2/2EsOsksJrq7lOHxryrVOn1ejG6oAp8ahvOIQD8sw=="
  "resolved" "https://registry.npmjs.org/path-parse/-/path-parse-1.0.7.tgz"
  "version" "1.0.7"

"picocolors@^1.0.0":
  "integrity" "sha512-1fygroTLlHu66zi26VoTDv8yRgm0Fccecssto+MhsZ0D/DGW2sm8E8AjW7NU5VVTRt5GxbeZ5qBuJr+HyLYkjQ=="
  "resolved" "https://registry.npmjs.org/picocolors/-/picocolors-1.0.0.tgz"
  "version" "1.0.0"

"postcss@8.4.5":
  "integrity" "sha512-jBDboWM8qpaqwkMwItqTQTiFikhs/67OYVvblFFTM7MrZjt6yMKd6r2kgXizEbTTljacm4NldIlZnhbjr84QYg=="
  "resolved" "https://registry.npmjs.org/postcss/-/postcss-8.4.5.tgz"
  "version" "8.4.5"
  dependencies:
    "nanoid" "^3.1.30"
    "picocolors" "^1.0.0"
    "source-map-js" "^1.0.1"

"qs@6.9.7":
  "integrity" "sha512-IhMFgUmuNpyRfxA90umL7ByLlgRXu6tIfKPpF5TmcfRLlLCckfP/g3IQmju6jjpu+Hh8rA+2p6A27ZSPOOHdKw=="
  "resolved" "https://registry.npmjs.org/qs/-/qs-6.9.7.tgz"
  "version" "6.9.7"

"raw-body@2.4.3":
  "integrity" "sha512-UlTNLIcu0uzb4D2f4WltY6cVjLi+/jEN4lgEUj3E04tpMDpUlkBo/eSn6zou9hum2VMNpCCUone0O0WeJim07g=="
  "resolved" "https://registry.npmjs.org/raw-body/-/raw-body-2.4.3.tgz"
  "version" "2.4.3"
  dependencies:
    "bytes" "3.1.2"
    "http-errors" "1.8.1"
    "iconv-lite" "0.4.24"
    "unpipe" "1.0.0"

"react-dom@^17.0.2", "react-dom@^17.0.2 || ^18.0.0-0":
  "integrity" "sha512-s4h96KtLDUQlsENhMn1ar8t2bEa+q/YAtj8pPPdIjPDGBDIVNsrD9aXNWqspUe6AzKCIG0C1HZZLqLV7qpOBGA=="
  "resolved" "https://registry.npmjs.org/react-dom/-/react-dom-17.0.2.tgz"
  "version" "17.0.2"
  dependencies:
    "loose-envify" "^1.1.0"
    "object-assign" "^4.1.1"
    "scheduler" "^0.20.2"

"react@^16.8.0 || ^17.0.0", "react@^17.0.2", "react@^17.0.2 || ^18.0.0-0", "react@>= 16.8.0 || 17.x.x || 18.x.x", "react@17.0.2":
  "integrity" "sha512-gnhPt75i/dq/z3/6q/0asP78D0u592D5L1pd7M8P+dck6Fu/jJeL6iVVK23fptSUZj8Vjf++7wXA8UNclGQcbA=="
  "resolved" "https://registry.npmjs.org/react/-/react-17.0.2.tgz"
  "version" "17.0.2"
  dependencies:
    "loose-envify" "^1.1.0"
    "object-assign" "^4.1.1"

"rechoir@^0.6.2":
  "integrity" "sha1-hSBLVNuoLVdC4oyWdW70OvUOM4Q="
  "resolved" "https://registry.npmjs.org/rechoir/-/rechoir-0.6.2.tgz"
  "version" "0.6.2"
  dependencies:
    "resolve" "^1.1.6"

"regexparam@^1.3.0":
  "integrity" "sha512-6IQpFBv6e5vz1QAqI+V4k8P2e/3gRrqfCJ9FI+O1FLQTO+Uz6RXZEZOPmTJ6hlGj7gkERzY5BRCv09whKP96/g=="
  "resolved" "https://registry.npmjs.org/regexparam/-/regexparam-1.3.0.tgz"
  "version" "1.3.0"

"resolve@^1.1.6":
  "integrity" "sha512-Hhtrw0nLeSrFQ7phPp4OOcVjLPIeMnRlr5mcnVuMe7M/7eBn98A3hmFRLoFo3DLZkivSYwhRUJTyPyWAk56WLw=="
  "resolved" "https://registry.npmjs.org/resolve/-/resolve-1.22.0.tgz"
  "version" "1.22.0"
  dependencies:
    "is-core-module" "^2.8.1"
    "path-parse" "^1.0.7"
    "supports-preserve-symlinks-flag" "^1.0.0"

"safer-buffer@>= 2.1.2 < 3":
  "integrity" "sha512-YZo3K82SD7Riyi0E1EQPojLz7kpepnSQI9IyPbHHg1XXXevb5dJI7tpyN2ADxGcQbHG7vcyRHk0cbwqcQriUtg=="
  "resolved" "https://registry.npmjs.org/safer-buffer/-/safer-buffer-2.1.2.tgz"
  "version" "2.1.2"

"scheduler@^0.20.2":
  "integrity" "sha512-2eWfGgAqqWFGqtdMmcL5zCMK1U8KlXv8SQFGglL3CEtd0aDVDWgeF/YoCmvln55m5zSk3J/20hTaSBeSObsQDQ=="
  "resolved" "https://registry.npmjs.org/scheduler/-/scheduler-0.20.2.tgz"
  "version" "0.20.2"
  dependencies:
    "loose-envify" "^1.1.0"
    "object-assign" "^4.1.1"

"setprototypeof@1.2.0":
  "integrity" "sha512-E5LDX7Wrp85Kil5bhZv46j8jOeboKq5JMmYM3gVGdGH8xFpPWXUMsNrlODCrkoxMEeNi/XZIwuRvY4XNwYMJpw=="
  "resolved" "https://registry.npmjs.org/setprototypeof/-/setprototypeof-1.2.0.tgz"
  "version" "1.2.0"

"shelljs@^0.8.1":
  "integrity" "sha512-TiwcRcrkhHvbrZbnRcFYMLl30Dfov3HKqzp5tO5b4pt6G/SezKcYhmDg15zXVBswHmctSAQKznqNW2LO5tTDow=="
  "resolved" "https://registry.npmjs.org/shelljs/-/shelljs-0.8.5.tgz"
  "version" "0.8.5"
  dependencies:
    "glob" "^7.0.0"
    "interpret" "^1.0.0"
    "rechoir" "^0.6.2"

"source-map-js@^1.0.1":
  "integrity" "sha512-R0XvVJ9WusLiqTCEiGCmICCMplcCkIwwR11mOSD9CR5u+IXYdiseeEuXCVAjS54zqwkLcPNnmU4OeJ6tUrWhDw=="
  "resolved" "https://registry.npmjs.org/source-map-js/-/source-map-js-1.0.2.tgz"
  "version" "1.0.2"

"statuses@>= 1.5.0 < 2":
  "integrity" "sha1-Fhx9rBd2Wf2YEfQ3cfqZOBR4Yow="
  "resolved" "https://registry.npmjs.org/statuses/-/statuses-1.5.0.tgz"
  "version" "1.5.0"

"styled-jsx@5.0.0":
  "integrity" "sha512-qUqsWoBquEdERe10EW8vLp3jT25s/ssG1/qX5gZ4wu15OZpmSMFI2v+fWlRhLfykA5rFtlJ1ME8A8pm/peV4WA=="
  "resolved" "https://registry.npmjs.org/styled-jsx/-/styled-jsx-5.0.0.tgz"
  "version" "5.0.0"

"supports-preserve-symlinks-flag@^1.0.0":
  "integrity" "sha512-ot0WnXS9fgdkgIcePe6RHNk1WA8+muPa6cSjeR3V8K27q9BB1rTE3R1p7Hv0z1ZyAc8s6Vvv8DIyWf681MAt0w=="
  "resolved" "https://registry.npmjs.org/supports-preserve-symlinks-flag/-/supports-preserve-symlinks-flag-1.0.0.tgz"
  "version" "1.0.0"

"toidentifier@1.0.1":
  "integrity" "sha512-o5sSPKEkg/DIQNmH43V0/uerLrpzVedkUh8tGNvaeXpfpuwjKenlSox/2O/BTlZUtEe+JG7s5YhEz608PlAHRA=="
  "resolved" "https://registry.npmjs.org/toidentifier/-/toidentifier-1.0.1.tgz"
  "version" "1.0.1"

"trouter@^3.1.0":
  "integrity" "sha512-rLLXbhTObLy2MBVjLC+jTnoIKw99n0GuJs9ov10J870vDw5qhTurPzsDrudNtBf5w/CZ9ctZy2p2IMmhGcel2w=="
  "resolved" "https://registry.npmjs.org/trouter/-/trouter-3.2.0.tgz"
  "version" "3.2.0"
  dependencies:
    "regexparam" "^1.3.0"

"type-is@~1.6.18":
  "integrity" "sha512-TkRKr9sUTxEH8MdfuCSP7VizJyzRNMjj2J2do2Jr3Kym598JVdEksuzPQCnlFPW4ky9Q+iA+ma9BGm06XQBy8g=="
  "resolved" "https://registry.npmjs.org/type-is/-/type-is-1.6.18.tgz"
  "version" "1.6.18"
  dependencies:
    "media-typer" "0.3.0"
    "mime-types" "~2.1.24"

"unpipe@1.0.0":
  "integrity" "sha1-sr9O6FFKrmFltIF4KdIbLvSZBOw="
  "resolved" "https://registry.npmjs.org/unpipe/-/unpipe-1.0.0.tgz"
  "version" "1.0.0"

"use-subscription@1.5.1":
  "integrity" "sha512-Xv2a1P/yReAjAbhylMfFplFKj9GssgTwN7RlcTxBujFQcloStWNDQdc4g4NRWH9xS4i/FDk04vQBptAXoF3VcA=="
  "resolved" "https://registry.npmjs.org/use-subscription/-/use-subscription-1.5.1.tgz"
  "version" "1.5.1"
  dependencies:
    "object-assign" "^4.1.1"

"wrappy@1":
  "integrity" "sha1-tSQ9jz7BqjXxNkYFvA0QNuMKtp8="
  "resolved" "https://registry.npmjs.org/wrappy/-/wrappy-1.0.2.tgz"
  "version" "1.0.2"
